
Microsoft Visual Studio Solution File, Format Version 12.00
# Visual Studio Version 16
VisualStudioVersion = 16.0.31313.79
MinimumVisualStudioVersion = 10.0.40219.1
Project("{9A19103F-16F7-4668-BE54-9A1E7A4F7556}") = "Knock-Knock", "Knock-Knock\Knock-Knock.csproj", "{F6E2AC7F-16F5-4CF5-996F-DDCCAE538EC3}"
EndProject
Project("{2150E333-8FDC-42A3-9474-1A3956D46DE8}") = "Solution Items", "Solution Items", "{DDB307C4-092A-457E-B28B-5C8CEF89535C}"
	ProjectSection(SolutionItems) = preProject
		.gitignore = .gitignore
	EndProjectSection
EndProject
Global
	GlobalSection(SolutionConfigurationPlatforms) = preSolution
		Debug|Any CPU = Debug|Any CPU
		Release|Any CPU = Release|Any CPU
	EndGlobalSection
	GlobalSection(ProjectConfigurationPlatforms) = postSolution
		{F6E2AC7F-16F5-4CF5-996F-DDCCAE538EC3}.Debug|Any CPU.ActiveCfg = Debug|Any CPU
		{F6E2AC7F-16F5-4CF5-996F-DDCCAE538EC3}.Debug|Any CPU.Build.0 = Debug|Any CPU
		{F6E2AC7F-16F5-4CF5-996F-DDCCAE538EC3}.Release|Any CPU.ActiveCfg = Release|Any CPU
		{F6E2AC7F-16F5-4CF5-996F-DDCCAE538EC3}.Release|Any CPU.Build.0 = Release|Any CPU
	EndGlobalSection
	GlobalSection(SolutionProperties) = preSolution
		HideSolutionNode = FALSE
	EndGlobalSection
	GlobalSection(ExtensibilityGlobals) = postSolution
		SolutionGuid = {28CFA73A-0EF4-4E74-B05D-5742B4CF88BA}
	EndGlobalSection
EndGlobal
